
Microsoft Visual Studio Solution File, Format Version 12.00
# Visual Studio Version 17
VisualStudioVersion = 17.0.31903.59
MinimumVisualStudioVersion = 10.0.40219.1
Project("{2150E333-8FDC-42A3-9474-1A3956D46DE8}") = "src", "src", "{A0C83519-3756-4791-B975-98D197F5CAD2}"
EndProject
Project("{2150E333-8FDC-42A3-9474-1A3956D46DE8}") = "ShopManagement", "ShopManagement", "{EB28734C-C429-405B-954E-FCF5D4DBBF57}"
EndProject
Project("{2150E333-8FDC-42A3-9474-1A3956D46DE8}") = "Core", "Core", "{0B747320-49BD-4901-AB0F-D412FD862899}"
EndProject
Project("{9A19103F-16F7-4668-BE54-9A1E7A4F7556}") = "ShopManagement.Application", "src\ShopManagement\Core\ShopManagement.Application\ShopManagement.Application.csproj", "{A002C88F-D476-4083-93A8-247A6E151B6F}"
EndProject
Project("{9A19103F-16F7-4668-BE54-9A1E7A4F7556}") = "ShopManagement.Domain", "src\ShopManagement\Core\ShopManagement.Domain\ShopManagement.Domain.csproj", "{94FFD6CC-EC9A-4CDC-9CF1-656002C9EB02}"
EndProject
Project("{2150E333-8FDC-42A3-9474-1A3956D46DE8}") = "Infrastructure", "Infrastructure", "{C68F09B3-A72F-45AD-9272-7BA7DE5AF1C8}"
EndProject
Project("{9A19103F-16F7-4668-BE54-9A1E7A4F7556}") = "ShopManagement.Persistence", "src\ShopManagement\Infrastructure\ShopManagement.Persistence\ShopManagement.Persistence.csproj", "{889463AD-E940-416E-AE34-D1220E575CC5}"
EndProject
Project("{2150E333-8FDC-42A3-9474-1A3956D46DE8}") = "Framework", "Framework", "{82782DEB-E1CD-4DFB-A579-22B519FEA835}"
EndProject
Project("{9A19103F-16F7-4668-BE54-9A1E7A4F7556}") = "Framework.Application", "src\Framework\Framework.Application\Framework.Application.csproj", "{F84B0053-5DAC-4600-9EAC-0CD6B098467E}"
EndProject
Project("{9A19103F-16F7-4668-BE54-9A1E7A4F7556}") = "Framework.Domain", "src\Framework\Framework.Domain\Framework.Domain.csproj", "{20038A23-E906-431E-8063-E9F15ED239C5}"
EndProject
Project("{9A19103F-16F7-4668-BE54-9A1E7A4F7556}") = "Framework", "src\Framework\Framework.Shared\Framework.csproj", "{D132AD01-34DD-4B47-90F2-CC978A186E5D}"
EndProject
Project("{9A19103F-16F7-4668-BE54-9A1E7A4F7556}") = "ShopManagement.Infrastructure", "src\ShopManagement\Infrastructure\ShopManagement.Infrastructure\ShopManagement.Infrastructure.csproj", "{6F1BAFFD-3A34-48EC-A2CA-E5A13473958E}"
EndProject
Project("{9A19103F-16F7-4668-BE54-9A1E7A4F7556}") = "ShopManagement.Application.Contract", "src\ShopManagement\Core\ShopManagement.Application.Contract\ShopManagement.Application.Contract.csproj", "{034B7723-9556-4BD7-8D9D-CEE2874E8A80}"
EndProject
Project("{9A19103F-16F7-4668-BE54-9A1E7A4F7556}") = "Framework.Infrastructure", "src\Framework\Framework.Infrastructure\Framework.Infrastructure.csproj", "{32C6A457-AB35-4C68-8D93-8B21004BF465}"
EndProject
Project("{9A19103F-16F7-4668-BE54-9A1E7A4F7556}") = "ServiceHost", "src\ServiceHost\ServiceHost.csproj", "{22E595F0-BCB7-4891-8DF9-CB2D969974AE}"
EndProject
Project("{9A19103F-16F7-4668-BE54-9A1E7A4F7556}") = "Framework.Asp", "src\Framework\Framework.Asp\Framework.Asp.csproj", "{33062FE3-0B18-4A53-A316-579A2A2FD7A3}"
EndProject
Project("{9A19103F-16F7-4668-BE54-9A1E7A4F7556}") = "Framework.Shared.Resourses", "src\Framework\Framework.Shared.Resourses\Framework.Shared.Resourses.csproj", "{63C8C805-1E67-4653-B395-94A1748E8D76}"
EndProject
Project("{2150E333-8FDC-42A3-9474-1A3956D46DE8}") = "Api", "Api", "{8C2901CB-E299-454F-9F7C-46371B25C83B}"
EndProject
Project("{9A19103F-16F7-4668-BE54-9A1E7A4F7556}") = "ShopManagement.Api", "src\ShopManagement\Api\ShopManagement.Api\ShopManagement.Api.csproj", "{B8EE9939-D7CB-42AC-A520-D93F60B58351}"
EndProject
Project("{2150E333-8FDC-42A3-9474-1A3956D46DE8}") = "test", "test", "{987407A1-28FF-431E-8FCC-5853F423E35E}"
EndProject
Project("{9A19103F-16F7-4668-BE54-9A1E7A4F7556}") = "ShopManagement.XUnit", "test\ShopManagement.XUnit\ShopManagement.XUnit\ShopManagement.XUnit.csproj", "{DE06A986-922D-4BD6-B251-92749B987B2E}"
EndProject
Global
	GlobalSection(SolutionConfigurationPlatforms) = preSolution
		Debug|Any CPU = Debug|Any CPU
		Release|Any CPU = Release|Any CPU
	EndGlobalSection
	GlobalSection(ProjectConfigurationPlatforms) = postSolution
		{A002C88F-D476-4083-93A8-247A6E151B6F}.Debug|Any CPU.ActiveCfg = Debug|Any CPU
		{A002C88F-D476-4083-93A8-247A6E151B6F}.Debug|Any CPU.Build.0 = Debug|Any CPU
		{A002C88F-D476-4083-93A8-247A6E151B6F}.Release|Any CPU.ActiveCfg = Release|Any CPU
		{A002C88F-D476-4083-93A8-247A6E151B6F}.Release|Any CPU.Build.0 = Release|Any CPU
		{94FFD6CC-EC9A-4CDC-9CF1-656002C9EB02}.Debug|Any CPU.ActiveCfg = Debug|Any CPU
		{94FFD6CC-EC9A-4CDC-9CF1-656002C9EB02}.Debug|Any CPU.Build.0 = Debug|Any CPU
		{94FFD6CC-EC9A-4CDC-9CF1-656002C9EB02}.Release|Any CPU.ActiveCfg = Release|Any CPU
		{94FFD6CC-EC9A-4CDC-9CF1-656002C9EB02}.Release|Any CPU.Build.0 = Release|Any CPU
		{889463AD-E940-416E-AE34-D1220E575CC5}.Debug|Any CPU.ActiveCfg = Debug|Any CPU
		{889463AD-E940-416E-AE34-D1220E575CC5}.Debug|Any CPU.Build.0 = Debug|Any CPU
		{889463AD-E940-416E-AE34-D1220E575CC5}.Release|Any CPU.ActiveCfg = Release|Any CPU
		{889463AD-E940-416E-AE34-D1220E575CC5}.Release|Any CPU.Build.0 = Release|Any CPU
		{F84B0053-5DAC-4600-9EAC-0CD6B098467E}.Debug|Any CPU.ActiveCfg = Debug|Any CPU
		{F84B0053-5DAC-4600-9EAC-0CD6B098467E}.Debug|Any CPU.Build.0 = Debug|Any CPU
		{F84B0053-5DAC-4600-9EAC-0CD6B098467E}.Release|Any CPU.ActiveCfg = Release|Any CPU
		{F84B0053-5DAC-4600-9EAC-0CD6B098467E}.Release|Any CPU.Build.0 = Release|Any CPU
		{20038A23-E906-431E-8063-E9F15ED239C5}.Debug|Any CPU.ActiveCfg = Debug|Any CPU
		{20038A23-E906-431E-8063-E9F15ED239C5}.Debug|Any CPU.Build.0 = Debug|Any CPU
		{20038A23-E906-431E-8063-E9F15ED239C5}.Release|Any CPU.ActiveCfg = Release|Any CPU
		{20038A23-E906-431E-8063-E9F15ED239C5}.Release|Any CPU.Build.0 = Release|Any CPU
		{D132AD01-34DD-4B47-90F2-CC978A186E5D}.Debug|Any CPU.ActiveCfg = Debug|Any CPU
		{D132AD01-34DD-4B47-90F2-CC978A186E5D}.Debug|Any CPU.Build.0 = Debug|Any CPU
		{D132AD01-34DD-4B47-90F2-CC978A186E5D}.Release|Any CPU.ActiveCfg = Release|Any CPU
		{D132AD01-34DD-4B47-90F2-CC978A186E5D}.Release|Any CPU.Build.0 = Release|Any CPU
		{6F1BAFFD-3A34-48EC-A2CA-E5A13473958E}.Debug|Any CPU.ActiveCfg = Debug|Any CPU
		{6F1BAFFD-3A34-48EC-A2CA-E5A13473958E}.Debug|Any CPU.Build.0 = Debug|Any CPU
		{6F1BAFFD-3A34-48EC-A2CA-E5A13473958E}.Release|Any CPU.ActiveCfg = Release|Any CPU
		{6F1BAFFD-3A34-48EC-A2CA-E5A13473958E}.Release|Any CPU.Build.0 = Release|Any CPU
		{034B7723-9556-4BD7-8D9D-CEE2874E8A80}.Debug|Any CPU.ActiveCfg = Debug|Any CPU
		{034B7723-9556-4BD7-8D9D-CEE2874E8A80}.Debug|Any CPU.Build.0 = Debug|Any CPU
		{034B7723-9556-4BD7-8D9D-CEE2874E8A80}.Release|Any CPU.ActiveCfg = Release|Any CPU
		{034B7723-9556-4BD7-8D9D-CEE2874E8A80}.Release|Any CPU.Build.0 = Release|Any CPU
		{32C6A457-AB35-4C68-8D93-8B21004BF465}.Debug|Any CPU.ActiveCfg = Debug|Any CPU
		{32C6A457-AB35-4C68-8D93-8B21004BF465}.Debug|Any CPU.Build.0 = Debug|Any CPU
		{32C6A457-AB35-4C68-8D93-8B21004BF465}.Release|Any CPU.ActiveCfg = Release|Any CPU
		{32C6A457-AB35-4C68-8D93-8B21004BF465}.Release|Any CPU.Build.0 = Release|Any CPU
		{22E595F0-BCB7-4891-8DF9-CB2D969974AE}.Debug|Any CPU.ActiveCfg = Debug|Any CPU
		{22E595F0-BCB7-4891-8DF9-CB2D969974AE}.Debug|Any CPU.Build.0 = Debug|Any CPU
		{22E595F0-BCB7-4891-8DF9-CB2D969974AE}.Release|Any CPU.ActiveCfg = Release|Any CPU
		{22E595F0-BCB7-4891-8DF9-CB2D969974AE}.Release|Any CPU.Build.0 = Release|Any CPU
		{33062FE3-0B18-4A53-A316-579A2A2FD7A3}.Debug|Any CPU.ActiveCfg = Debug|Any CPU
		{33062FE3-0B18-4A53-A316-579A2A2FD7A3}.Debug|Any CPU.Build.0 = Debug|Any CPU
		{33062FE3-0B18-4A53-A316-579A2A2FD7A3}.Release|Any CPU.ActiveCfg = Release|Any CPU
		{33062FE3-0B18-4A53-A316-579A2A2FD7A3}.Release|Any CPU.Build.0 = Release|Any CPU
		{63C8C805-1E67-4653-B395-94A1748E8D76}.Debug|Any CPU.ActiveCfg = Debug|Any CPU
		{63C8C805-1E67-4653-B395-94A1748E8D76}.Debug|Any CPU.Build.0 = Debug|Any CPU
		{63C8C805-1E67-4653-B395-94A1748E8D76}.Release|Any CPU.ActiveCfg = Release|Any CPU
		{63C8C805-1E67-4653-B395-94A1748E8D76}.Release|Any CPU.Build.0 = Release|Any CPU
		{B8EE9939-D7CB-42AC-A520-D93F60B58351}.Debug|Any CPU.ActiveCfg = Debug|Any CPU
		{B8EE9939-D7CB-42AC-A520-D93F60B58351}.Debug|Any CPU.Build.0 = Debug|Any CPU
		{B8EE9939-D7CB-42AC-A520-D93F60B58351}.Release|Any CPU.ActiveCfg = Release|Any CPU
		{B8EE9939-D7CB-42AC-A520-D93F60B58351}.Release|Any CPU.Build.0 = Release|Any CPU
		{DE06A986-922D-4BD6-B251-92749B987B2E}.Debug|Any CPU.ActiveCfg = Debug|Any CPU
		{DE06A986-922D-4BD6-B251-92749B987B2E}.Debug|Any CPU.Build.0 = Debug|Any CPU
		{DE06A986-922D-4BD6-B251-92749B987B2E}.Release|Any CPU.ActiveCfg = Release|Any CPU
		{DE06A986-922D-4BD6-B251-92749B987B2E}.Release|Any CPU.Build.0 = Release|Any CPU
	EndGlobalSection
	GlobalSection(SolutionProperties) = preSolution
		HideSolutionNode = FALSE
	EndGlobalSection
	GlobalSection(NestedProjects) = preSolution
		{EB28734C-C429-405B-954E-FCF5D4DBBF57} = {A0C83519-3756-4791-B975-98D197F5CAD2}
		{0B747320-49BD-4901-AB0F-D412FD862899} = {EB28734C-C429-405B-954E-FCF5D4DBBF57}
		{A002C88F-D476-4083-93A8-247A6E151B6F} = {0B747320-49BD-4901-AB0F-D412FD862899}
		{94FFD6CC-EC9A-4CDC-9CF1-656002C9EB02} = {0B747320-49BD-4901-AB0F-D412FD862899}
		{C68F09B3-A72F-45AD-9272-7BA7DE5AF1C8} = {EB28734C-C429-405B-954E-FCF5D4DBBF57}
		{889463AD-E940-416E-AE34-D1220E575CC5} = {C68F09B3-A72F-45AD-9272-7BA7DE5AF1C8}
		{82782DEB-E1CD-4DFB-A579-22B519FEA835} = {A0C83519-3756-4791-B975-98D197F5CAD2}
		{F84B0053-5DAC-4600-9EAC-0CD6B098467E} = {82782DEB-E1CD-4DFB-A579-22B519FEA835}
		{20038A23-E906-431E-8063-E9F15ED239C5} = {82782DEB-E1CD-4DFB-A579-22B519FEA835}
		{D132AD01-34DD-4B47-90F2-CC978A186E5D} = {82782DEB-E1CD-4DFB-A579-22B519FEA835}
		{6F1BAFFD-3A34-48EC-A2CA-E5A13473958E} = {C68F09B3-A72F-45AD-9272-7BA7DE5AF1C8}
		{034B7723-9556-4BD7-8D9D-CEE2874E8A80} = {0B747320-49BD-4901-AB0F-D412FD862899}
		{32C6A457-AB35-4C68-8D93-8B21004BF465} = {82782DEB-E1CD-4DFB-A579-22B519FEA835}
		{22E595F0-BCB7-4891-8DF9-CB2D969974AE} = {A0C83519-3756-4791-B975-98D197F5CAD2}
		{33062FE3-0B18-4A53-A316-579A2A2FD7A3} = {82782DEB-E1CD-4DFB-A579-22B519FEA835}
		{63C8C805-1E67-4653-B395-94A1748E8D76} = {82782DEB-E1CD-4DFB-A579-22B519FEA835}
		{8C2901CB-E299-454F-9F7C-46371B25C83B} = {EB28734C-C429-405B-954E-FCF5D4DBBF57}
		{B8EE9939-D7CB-42AC-A520-D93F60B58351} = {8C2901CB-E299-454F-9F7C-46371B25C83B}
		{DE06A986-922D-4BD6-B251-92749B987B2E} = {987407A1-28FF-431E-8FCC-5853F423E35E}
	EndGlobalSection
	GlobalSection(ExtensibilityGlobals) = postSolution
		SolutionGuid = {EA4201CA-F25A-4B0A-B79A-F74C796DF5FF}
	EndGlobalSection
EndGlobal
